
Microsoft Visual Studio Solution File, Format Version 12.00
# Visual Studio Version 17
VisualStudioVersion = 17.6.33829.357
MinimumVisualStudioVersion = 10.0.40219.1
Project("{FAE04EC0-301F-11D3-BF4B-00C04F79EFBC}") = "TP MIDTERMS", "WindowsFormsApp1\TP MIDTERMS.csproj", "{66090A8B-2183-4E70-B7AF-1D551FD5A860}"
EndProject
Global
	GlobalSection(SolutionConfigurationPlatforms) = preSolution
		Debug|Any CPU = Debug|Any CPU
		Release|Any CPU = Release|Any CPU
	EndGlobalSection
	GlobalSection(ProjectConfigurationPlatforms) = postSolution
		{66090A8B-2183-4E70-B7AF-1D551FD5A860}.Debug|Any CPU.ActiveCfg = Debug|Any CPU
		{66090A8B-2183-4E70-B7AF-1D551FD5A860}.Debug|Any CPU.Build.0 = Debug|Any CPU
		{66090A8B-2183-4E70-B7AF-1D551FD5A860}.Release|Any CPU.ActiveCfg = Release|Any CPU
		{66090A8B-2183-4E70-B7AF-1D551FD5A860}.Release|Any CPU.Build.0 = Release|Any CPU
	EndGlobalSection
	GlobalSection(SolutionProperties) = preSolution
		HideSolutionNode = FALSE
	EndGlobalSection
	GlobalSection(ExtensibilityGlobals) = postSolution
		SolutionGuid = {8DC370E6-1895-47DD-BFB6-5E09171EF5FF}
	EndGlobalSection
EndGlobal
